
Microsoft Visual Studio Solution File, Format Version 12.00
# Visual Studio Version 17
VisualStudioVersion = 17.8.34525.116
MinimumVisualStudioVersion = 10.0.40219.1
Project("{9A19103F-16F7-4668-BE54-9A1E7A4F7556}") = "NP_HW_13_09", "NP_HW_13_09.csproj", "{7E639F7D-F411-443E-A60D-61A8C969B943}"
EndProject
Project("{FAE04EC0-301F-11D3-BF4B-00C04F79EFBC}") = "Movie Hotflix", "..\Movie Hotflix\Movie Hotflix.csproj", "{2BC57A22-4DA4-4EDF-AD34-14BBB236CB2F}"
EndProject
Global
	GlobalSection(SolutionConfigurationPlatforms) = preSolution
		Debug|Any CPU = Debug|Any CPU
		Release|Any CPU = Release|Any CPU
	EndGlobalSection
	GlobalSection(ProjectConfigurationPlatforms) = postSolution
		{7E639F7D-F411-443E-A60D-61A8C969B943}.Debug|Any CPU.ActiveCfg = Debug|Any CPU
		{7E639F7D-F411-443E-A60D-61A8C969B943}.Debug|Any CPU.Build.0 = Debug|Any CPU
		{7E639F7D-F411-443E-A60D-61A8C969B943}.Release|Any CPU.ActiveCfg = Release|Any CPU
		{7E639F7D-F411-443E-A60D-61A8C969B943}.Release|Any CPU.Build.0 = Release|Any CPU
		{2BC57A22-4DA4-4EDF-AD34-14BBB236CB2F}.Debug|Any CPU.ActiveCfg = Debug|Any CPU
		{2BC57A22-4DA4-4EDF-AD34-14BBB236CB2F}.Debug|Any CPU.Build.0 = Debug|Any CPU
		{2BC57A22-4DA4-4EDF-AD34-14BBB236CB2F}.Release|Any CPU.ActiveCfg = Release|Any CPU
		{2BC57A22-4DA4-4EDF-AD34-14BBB236CB2F}.Release|Any CPU.Build.0 = Release|Any CPU
	EndGlobalSection
	GlobalSection(SolutionProperties) = preSolution
		HideSolutionNode = FALSE
	EndGlobalSection
	GlobalSection(ExtensibilityGlobals) = postSolution
		SolutionGuid = {A0647F65-E2A3-406C-866D-5947FB4E48CA}
	EndGlobalSection
EndGlobal
